
Microsoft Visual Studio Solution File, Format Version 12.00
# Visual Studio Version 16
VisualStudioVersion = 16.0.29123.88
MinimumVisualStudioVersion = 10.0.40219.1
Project("{FAE04EC0-301F-11D3-BF4B-00C04F79EFBC}") = "TechnicalTestStevesBlind", "TechnicalTestStevesBlind.csproj", "{43DCB25A-0593-4A57-98BD-312CB57FEDF7}"
EndProject
Global
	GlobalSection(SolutionConfigurationPlatforms) = preSolution
		Debug|Any CPU = Debug|Any CPU
		Release|Any CPU = Release|Any CPU
	EndGlobalSection
	GlobalSection(ProjectConfigurationPlatforms) = postSolution
		{43DCB25A-0593-4A57-98BD-312CB57FEDF7}.Debug|Any CPU.ActiveCfg = Debug|Any CPU
		{43DCB25A-0593-4A57-98BD-312CB57FEDF7}.Debug|Any CPU.Build.0 = Debug|Any CPU
		{43DCB25A-0593-4A57-98BD-312CB57FEDF7}.Release|Any CPU.ActiveCfg = Release|Any CPU
		{43DCB25A-0593-4A57-98BD-312CB57FEDF7}.Release|Any CPU.Build.0 = Release|Any CPU
	EndGlobalSection
	GlobalSection(SolutionProperties) = preSolution
		HideSolutionNode = FALSE
	EndGlobalSection
	GlobalSection(ExtensibilityGlobals) = postSolution
		SolutionGuid = {0B077CAC-3D17-446C-ACB4-45860E103734}
	EndGlobalSection
EndGlobal
